
Microsoft Visual Studio Solution File, Format Version 12.00
# Visual Studio Version 17
VisualStudioVersion = 17.13.35825.156 d17.13
MinimumVisualStudioVersion = 10.0.40219.1
Project("{FAE04EC0-301F-11D3-BF4B-00C04F79EFBC}") = "Jurnal13", "Jurnal13\Jurnal13.csproj", "{34C7D59F-ADD6-4F27-9E1A-5F9F8EFD260E}"
EndProject
Global
	GlobalSection(SolutionConfigurationPlatforms) = preSolution
		Debug|Any CPU = Debug|Any CPU
		Release|Any CPU = Release|Any CPU
	EndGlobalSection
	GlobalSection(ProjectConfigurationPlatforms) = postSolution
		{34C7D59F-ADD6-4F27-9E1A-5F9F8EFD260E}.Debug|Any CPU.ActiveCfg = Debug|Any CPU
		{34C7D59F-ADD6-4F27-9E1A-5F9F8EFD260E}.Debug|Any CPU.Build.0 = Debug|Any CPU
		{34C7D59F-ADD6-4F27-9E1A-5F9F8EFD260E}.Release|Any CPU.ActiveCfg = Release|Any CPU
		{34C7D59F-ADD6-4F27-9E1A-5F9F8EFD260E}.Release|Any CPU.Build.0 = Release|Any CPU
	EndGlobalSection
	GlobalSection(SolutionProperties) = preSolution
		HideSolutionNode = FALSE
	EndGlobalSection
	GlobalSection(ExtensibilityGlobals) = postSolution
		SolutionGuid = {7695EDEC-C969-42A4-91C4-FD6574DEA496}
	EndGlobalSection
EndGlobal
