
Microsoft Visual Studio Solution File, Format Version 12.00
# Visual Studio Version 17
VisualStudioVersion = 17.13.35825.156 d17.13
MinimumVisualStudioVersion = 10.0.40219.1
Project("{FAE04EC0-301F-11D3-BF4B-00C04F79EFBC}") = "AljabarLibraries", "AljabarLibraries\AljabarLibraries.csproj", "{1EAA9D88-7BC1-4E44-A4AF-56C8C23F43F9}"
EndProject
Project("{FAE04EC0-301F-11D3-BF4B-00C04F79EFBC}") = "AljabarConsoleApp", "AljabarConsoleApp\AljabarConsoleApp.csproj", "{0E497CD6-444D-4CEE-BC70-0D8562B61C03}"
EndProject
Global
	GlobalSection(SolutionConfigurationPlatforms) = preSolution
		Debug|Any CPU = Debug|Any CPU
		Release|Any CPU = Release|Any CPU
	EndGlobalSection
	GlobalSection(ProjectConfigurationPlatforms) = postSolution
		{1EAA9D88-7BC1-4E44-A4AF-56C8C23F43F9}.Debug|Any CPU.ActiveCfg = Debug|Any CPU
		{1EAA9D88-7BC1-4E44-A4AF-56C8C23F43F9}.Debug|Any CPU.Build.0 = Debug|Any CPU
		{1EAA9D88-7BC1-4E44-A4AF-56C8C23F43F9}.Release|Any CPU.ActiveCfg = Release|Any CPU
		{1EAA9D88-7BC1-4E44-A4AF-56C8C23F43F9}.Release|Any CPU.Build.0 = Release|Any CPU
		{0E497CD6-444D-4CEE-BC70-0D8562B61C03}.Debug|Any CPU.ActiveCfg = Debug|Any CPU
		{0E497CD6-444D-4CEE-BC70-0D8562B61C03}.Debug|Any CPU.Build.0 = Debug|Any CPU
		{0E497CD6-444D-4CEE-BC70-0D8562B61C03}.Release|Any CPU.ActiveCfg = Release|Any CPU
		{0E497CD6-444D-4CEE-BC70-0D8562B61C03}.Release|Any CPU.Build.0 = Release|Any CPU
	EndGlobalSection
	GlobalSection(SolutionProperties) = preSolution
		HideSolutionNode = FALSE
	EndGlobalSection
	GlobalSection(ExtensibilityGlobals) = postSolution
		SolutionGuid = {FF6B3789-87F2-4E90-9C56-0DEEAAB15F11}
	EndGlobalSection
EndGlobal
