
Microsoft Visual Studio Solution File, Format Version 12.00
# Visual Studio Version 17
VisualStudioVersion = 17.13.35825.156 d17.13
MinimumVisualStudioVersion = 10.0.40219.1
Project("{FAE04EC0-301F-11D3-BF4B-00C04F79EFBC}") = "Jurnal_modul_6", "Jurnal_modul_6\Jurnal_modul_6.csproj", "{68EED837-DFCB-40FD-BE4C-B81923056431}"
EndProject
Global
	GlobalSection(SolutionConfigurationPlatforms) = preSolution
		Debug|Any CPU = Debug|Any CPU
		Release|Any CPU = Release|Any CPU
	EndGlobalSection
	GlobalSection(ProjectConfigurationPlatforms) = postSolution
		{68EED837-DFCB-40FD-BE4C-B81923056431}.Debug|Any CPU.ActiveCfg = Debug|Any CPU
		{68EED837-DFCB-40FD-BE4C-B81923056431}.Debug|Any CPU.Build.0 = Debug|Any CPU
		{68EED837-DFCB-40FD-BE4C-B81923056431}.Release|Any CPU.ActiveCfg = Release|Any CPU
		{68EED837-DFCB-40FD-BE4C-B81923056431}.Release|Any CPU.Build.0 = Release|Any CPU
	EndGlobalSection
	GlobalSection(SolutionProperties) = preSolution
		HideSolutionNode = FALSE
	EndGlobalSection
	GlobalSection(ExtensibilityGlobals) = postSolution
		SolutionGuid = {D5A2F030-2660-428D-8C41-90F2730EF838}
	EndGlobalSection
EndGlobal
