
Microsoft Visual Studio Solution File, Format Version 12.00
# Visual Studio Version 17
VisualStudioVersion = 17.13.35825.156 d17.13
MinimumVisualStudioVersion = 10.0.40219.1
Project("{FAE04EC0-301F-11D3-BF4B-00C04F79EFBC}") = "Jurnal14", "Jurnal14\Jurnal14.csproj", "{4053D879-17AA-464F-9A60-108D114B7BDF}"
EndProject
Global
	GlobalSection(SolutionConfigurationPlatforms) = preSolution
		Debug|Any CPU = Debug|Any CPU
		Release|Any CPU = Release|Any CPU
	EndGlobalSection
	GlobalSection(ProjectConfigurationPlatforms) = postSolution
		{4053D879-17AA-464F-9A60-108D114B7BDF}.Debug|Any CPU.ActiveCfg = Debug|Any CPU
		{4053D879-17AA-464F-9A60-108D114B7BDF}.Debug|Any CPU.Build.0 = Debug|Any CPU
		{4053D879-17AA-464F-9A60-108D114B7BDF}.Release|Any CPU.ActiveCfg = Release|Any CPU
		{4053D879-17AA-464F-9A60-108D114B7BDF}.Release|Any CPU.Build.0 = Release|Any CPU
	EndGlobalSection
	GlobalSection(SolutionProperties) = preSolution
		HideSolutionNode = FALSE
	EndGlobalSection
	GlobalSection(ExtensibilityGlobals) = postSolution
		SolutionGuid = {BC6A4BE8-AC8B-4CF1-8440-4A0995BF477F}
	EndGlobalSection
EndGlobal
