
Microsoft Visual Studio Solution File, Format Version 12.00
# Visual Studio Version 17
VisualStudioVersion = 17.13.35825.156 d17.13
MinimumVisualStudioVersion = 10.0.40219.1
Project("{FAE04EC0-301F-11D3-BF4B-00C04F79EFBC}") = "MatematikaLibraries", "MatematikaLibraries\MatematikaLibraries.csproj", "{82777361-78B9-4A8A-86A2-57747A875497}"
EndProject
Project("{FAE04EC0-301F-11D3-BF4B-00C04F79EFBC}") = "MatematikaConsoleApp", "MatematikaConsoleApp\MatematikaConsoleApp.csproj", "{C7E853B0-4139-4800-91CA-EBC178629E01}"
EndProject
Global
	GlobalSection(SolutionConfigurationPlatforms) = preSolution
		Debug|Any CPU = Debug|Any CPU
		Release|Any CPU = Release|Any CPU
	EndGlobalSection
	GlobalSection(ProjectConfigurationPlatforms) = postSolution
		{82777361-78B9-4A8A-86A2-57747A875497}.Debug|Any CPU.ActiveCfg = Debug|Any CPU
		{82777361-78B9-4A8A-86A2-57747A875497}.Debug|Any CPU.Build.0 = Debug|Any CPU
		{82777361-78B9-4A8A-86A2-57747A875497}.Release|Any CPU.ActiveCfg = Release|Any CPU
		{82777361-78B9-4A8A-86A2-57747A875497}.Release|Any CPU.Build.0 = Release|Any CPU
		{C7E853B0-4139-4800-91CA-EBC178629E01}.Debug|Any CPU.ActiveCfg = Debug|Any CPU
		{C7E853B0-4139-4800-91CA-EBC178629E01}.Debug|Any CPU.Build.0 = Debug|Any CPU
		{C7E853B0-4139-4800-91CA-EBC178629E01}.Release|Any CPU.ActiveCfg = Release|Any CPU
		{C7E853B0-4139-4800-91CA-EBC178629E01}.Release|Any CPU.Build.0 = Release|Any CPU
	EndGlobalSection
	GlobalSection(SolutionProperties) = preSolution
		HideSolutionNode = FALSE
	EndGlobalSection
	GlobalSection(ExtensibilityGlobals) = postSolution
		SolutionGuid = {153157FD-338C-40A2-AEA1-DE3C4F4A0128}
	EndGlobalSection
EndGlobal
